# THIS IS AN AUTOGENERATED FILE. DO NOT EDIT THIS FILE DIRECTLY.
# yarn lockfile v1


turbo-darwin-64@2.0.14:
  version "2.0.14"
  resolved "https://registry.yarnpkg.com/turbo-darwin-64/-/turbo-darwin-64-2.0.14.tgz#f12bce31709f86656c34e037f0bb7d579206b619"
  integrity sha512-kwfDmjNwlNfvtrvT29+ZBg5n1Wvxl891bFHchMJyzMoR0HOE9N1NSNdSZb9wG3e7sYNIu4uDkNk+VBEqJW0HzQ==

turbo-darwin-arm64@2.0.14:
  version "2.0.14"
  resolved "https://registry.yarnpkg.com/turbo-darwin-arm64/-/turbo-darwin-arm64-2.0.14.tgz#001afca42de5b1e78841626241af09dfed004cda"
  integrity sha512-m3LXYEshCx3wc4ZClM6gb01KYpFmtjQ9IBF3A7ofjb6ahux3xlYZJZ3uFCLAGHuvGLuJ3htfiPbwlDPTdknqqw==

turbo-linux-64@2.0.14:
  version "2.0.14"
  resolved "https://registry.yarnpkg.com/turbo-linux-64/-/turbo-linux-64-2.0.14.tgz#fbc5358227d28d8d82994885a48832159fc31920"
  integrity sha512-7vBzCPdoTtR92SNn2JMgj1FlMmyonGmpMaQdgAB1OVYtuQ6NVGoh7/lODfaILqXjpvmFSVbpBIDrKOT6EvcprQ==

turbo-linux-arm64@2.0.14:
  version "2.0.14"
  resolved "https://registry.yarnpkg.com/turbo-linux-arm64/-/turbo-linux-arm64-2.0.14.tgz#62299c377b34ae72330b875c87440694c22940f9"
  integrity sha512-jwH+c0bfjpBf26K/tdEFatmnYyXwGROjbr6bZmNcL8R+IkGAc/cglL+OToqJnQZTgZvH7uDGbeSyUo7IsHyjuA==

turbo-windows-64@2.0.14:
  version "2.0.14"
  resolved "https://registry.yarnpkg.com/turbo-windows-64/-/turbo-windows-64-2.0.14.tgz#e0c3a8c6beb213187df4b8cffff284c84e05b2f1"
  integrity sha512-w9/XwkHSzvLjmioo6cl3S1yRfI6swxsV1j1eJwtl66JM4/pn0H2rBa855R0n7hZnmI6H5ywLt/nLt6Ae8RTDmw==

turbo-windows-arm64@2.0.14:
  version "2.0.14"
  resolved "https://registry.yarnpkg.com/turbo-windows-arm64/-/turbo-windows-arm64-2.0.14.tgz#076ed8c841154e0b82f297ab8c1a01925bcf6cc0"
  integrity sha512-XaQlyYk+Rf4xS5XWCo8XCMIpssgGGy8blzLfolN6YBp4baElIWMlkLZHDbGyiFmCbNf9I9gJI64XGRG+LVyyjA==

turbo@^2.0.14:
  version "2.0.14"
  resolved "https://registry.yarnpkg.com/turbo/-/turbo-2.0.14.tgz#fb3df4d795998536e38f13f3109b1e02f5e811a4"
  integrity sha512-00JjdCMD/cpsjP0Izkjcm8Oaor5yUCfDwODtaLb+WyblyadkaDEisGhy3Dbd5az9n+5iLSPiUgf+WjPbns6MRg==
  optionalDependencies:
    turbo-darwin-64 "2.0.14"
    turbo-darwin-arm64 "2.0.14"
    turbo-linux-64 "2.0.14"
    turbo-linux-arm64 "2.0.14"
    turbo-windows-64 "2.0.14"
    turbo-windows-arm64 "2.0.14"
